// !$*UTF8*$!
{
	archiveVersion = 1;
	classes = {
	};
	objectVersion = 50;
	objects = {

/* Begin PBXBuildFile section */
		04B17BC32548736200FE3DB5 /* AppDelegate.swift in Sources */ = {isa = PBXBuildFile; fileRef = 04B17BC22548736200FE3DB5 /* AppDelegate.swift */; };
		04B17BC52548736200FE3DB5 /* SceneDelegate.swift in Sources */ = {isa = PBXBuildFile; fileRef = 04B17BC42548736200FE3DB5 /* SceneDelegate.swift */; };
		04B17BCA2548736200FE3DB5 /* Main.storyboard in Resources */ = {isa = PBXBuildFile; fileRef = 04B17BC82548736200FE3DB5 /* Main.storyboard */; };
		04B17BCC2548736400FE3DB5 /* Assets.xcassets in Resources */ = {isa = PBXBuildFile; fileRef = 04B17BCB2548736400FE3DB5 /* Assets.xcassets */; };
		04B17BCF2548736400FE3DB5 /* LaunchScreen.storyboard in Resources */ = {isa = PBXBuildFile; fileRef = 04B17BCD2548736400FE3DB5 /* LaunchScreen.storyboard */; };
		04B17BD72548738300FE3DB5 /* CalendarViewController.swift in Sources */ = {isa = PBXBuildFile; fileRef = 04B17BD62548738300FE3DB5 /* CalendarViewController.swift */; };
		04B17BE72548739E00FE3DB5 /* Math.swift in Sources */ = {isa = PBXBuildFile; fileRef = 04B17BDB2548739E00FE3DB5 /* Math.swift */; };
		04B17BE82548739E00FE3DB5 /* IntPoint.swift in Sources */ = {isa = PBXBuildFile; fileRef = 04B17BDC2548739E00FE3DB5 /* IntPoint.swift */; };
		04B17BE92548739E00FE3DB5 /* Misc.swift in Sources */ = {isa = PBXBuildFile; fileRef = 04B17BDD2548739E00FE3DB5 /* Misc.swift */; };
		04B17BEA2548739E00FE3DB5 /* FileLoader.swift in Sources */ = {isa = PBXBuildFile; fileRef = 04B17BDE2548739E00FE3DB5 /* FileLoader.swift */; };
		04B17BEB2548739E00FE3DB5 /* String+Ext.swift in Sources */ = {isa = PBXBuildFile; fileRef = 04B17BDF2548739E00FE3DB5 /* String+Ext.swift */; };
		04B17BEC2548739E00FE3DB5 /* AoCVC.swift in Sources */ = {isa = PBXBuildFile; fileRef = 04B17BE02548739E00FE3DB5 /* AoCVC.swift */; };
		04B17BED2548739E00FE3DB5 /* IntImage.swift in Sources */ = {isa = PBXBuildFile; fileRef = 04B17BE12548739E00FE3DB5 /* IntImage.swift */; };
		04B17BEE2548739E00FE3DB5 /* IntAStar.swift in Sources */ = {isa = PBXBuildFile; fileRef = 04B17BE22548739E00FE3DB5 /* IntAStar.swift */; };
		04B17BEF2548739E00FE3DB5 /* DateHelper.swift in Sources */ = {isa = PBXBuildFile; fileRef = 04B17BE32548739E00FE3DB5 /* DateHelper.swift */; };
		04B17BF02548739E00FE3DB5 /* Node.swift in Sources */ = {isa = PBXBuildFile; fileRef = 04B17BE42548739E00FE3DB5 /* Node.swift */; };
		04B17BF12548739E00FE3DB5 /* UIView+Ext.swift in Sources */ = {isa = PBXBuildFile; fileRef = 04B17BE52548739E00FE3DB5 /* UIView+Ext.swift */; };
		04B17BF22548739E00FE3DB5 /* Direction.swift in Sources */ = {isa = PBXBuildFile; fileRef = 04B17BE62548739E00FE3DB5 /* Direction.swift */; };
		04B17BF82548743E00FE3DB5 /* Day01VC.swift in Sources */ = {isa = PBXBuildFile; fileRef = 04B17BF72548743E00FE3DB5 /* Day01VC.swift */; };
		04B17BFA2548772500FE3DB5 /* Day01Input.txt in Resources */ = {isa = PBXBuildFile; fileRef = 04B17BF92548772500FE3DB5 /* Day01Input.txt */; };
		04B17BFE25487AF800FE3DB5 /* Day02VC.swift in Sources */ = {isa = PBXBuildFile; fileRef = 04B17BFD25487AF800FE3DB5 /* Day02VC.swift */; };
		04B17C0025487B4900FE3DB5 /* Day02Input.txt in Resources */ = {isa = PBXBuildFile; fileRef = 04B17BFF25487B4900FE3DB5 /* Day02Input.txt */; };
		04B17C03254881DC00FE3DB5 /* Day03VC.swift in Sources */ = {isa = PBXBuildFile; fileRef = 04B17C02254881DC00FE3DB5 /* Day03VC.swift */; };
		04B17C052548855300FE3DB5 /* Day03Input.txt in Resources */ = {isa = PBXBuildFile; fileRef = 04B17C042548855300FE3DB5 /* Day03Input.txt */; };
		04B17C082548885200FE3DB5 /* Day04VC.swift in Sources */ = {isa = PBXBuildFile; fileRef = 04B17C072548885200FE3DB5 /* Day04VC.swift */; };
		04B17C0B25488D6D00FE3DB5 /* Day05VC.swift in Sources */ = {isa = PBXBuildFile; fileRef = 04B17C0A25488D6D00FE3DB5 /* Day05VC.swift */; };
		04B17C0D2548915000FE3DB5 /* Day05Input.txt in Resources */ = {isa = PBXBuildFile; fileRef = 04B17C0C2548915000FE3DB5 /* Day05Input.txt */; };
		04B17C102548951400FE3DB5 /* Day06VC.swift in Sources */ = {isa = PBXBuildFile; fileRef = 04B17C0F2548951400FE3DB5 /* Day06VC.swift */; };
		04B17C122548970600FE3DB5 /* Day06Input.txt in Resources */ = {isa = PBXBuildFile; fileRef = 04B17C112548970500FE3DB5 /* Day06Input.txt */; };
		04B17C152549CF9300FE3DB5 /* Day07VC.swift in Sources */ = {isa = PBXBuildFile; fileRef = 04B17C142549CF9300FE3DB5 /* Day07VC.swift */; };
		04B17C172549DD0500FE3DB5 /* Day07Input.txt in Resources */ = {isa = PBXBuildFile; fileRef = 04B17C162549DD0500FE3DB5 /* Day07Input.txt */; };
		04B17C1A254A000700FE3DB5 /* Day08VC.swift in Sources */ = {isa = PBXBuildFile; fileRef = 04B17C19254A000700FE3DB5 /* Day08VC.swift */; };
		04B17C1C254A06FF00FE3DB5 /* Day08Input.txt in Resources */ = {isa = PBXBuildFile; fileRef = 04B17C1B254A06FF00FE3DB5 /* Day08Input.txt */; };
		04B17C1F254A181800FE3DB5 /* Day09VC.swift in Sources */ = {isa = PBXBuildFile; fileRef = 04B17C1E254A181800FE3DB5 /* Day09VC.swift */; };
		04B17C21254A199100FE3DB5 /* Day09Input.txt in Resources */ = {isa = PBXBuildFile; fileRef = 04B17C20254A199100FE3DB5 /* Day09Input.txt */; };
		04B17C23254A1C8C00FE3DB5 /* PermutationHelper.swift in Sources */ = {isa = PBXBuildFile; fileRef = 04B17C22254A1C8C00FE3DB5 /* PermutationHelper.swift */; };
		04B17C25254A242600FE3DB5 /* TravellingSalesmanHelper.swift in Sources */ = {isa = PBXBuildFile; fileRef = 04B17C24254A242600FE3DB5 /* TravellingSalesmanHelper.swift */; };
		04B17C28254B3E0300FE3DB5 /* Day10VC.swift in Sources */ = {isa = PBXBuildFile; fileRef = 04B17C27254B3E0300FE3DB5 /* Day10VC.swift */; };
		04B17C2B254B49C100FE3DB5 /* Day11VC.swift in Sources */ = {isa = PBXBuildFile; fileRef = 04B17C2A254B49C100FE3DB5 /* Day11VC.swift */; };
		04B17C2E254B595E00FE3DB5 /* Day12VC.swift in Sources */ = {isa = PBXBuildFile; fileRef = 04B17C2D254B595E00FE3DB5 /* Day12VC.swift */; };
		04B17C30254B5E2300FE3DB5 /* Day12Input.txt in Resources */ = {isa = PBXBuildFile; fileRef = 04B17C2F254B5E2300FE3DB5 /* Day12Input.txt */; };
		04B17C33254B62E100FE3DB5 /* Day13VC.swift in Sources */ = {isa = PBXBuildFile; fileRef = 04B17C32254B62E100FE3DB5 /* Day13VC.swift */; };
		04B17C35254B65F300FE3DB5 /* Day13Input.txt in Resources */ = {isa = PBXBuildFile; fileRef = 04B17C34254B65F200FE3DB5 /* Day13Input.txt */; };
		04B17C38254B6B7A00FE3DB5 /* Day14VC.swift in Sources */ = {isa = PBXBuildFile; fileRef = 04B17C37254B6B7A00FE3DB5 /* Day14VC.swift */; };
		04B17C3A254B6E5B00FE3DB5 /* Day14Input.txt in Resources */ = {isa = PBXBuildFile; fileRef = 04B17C39254B6E5B00FE3DB5 /* Day14Input.txt */; };
		04B17C3D254B760C00FE3DB5 /* Day15VC.swift in Sources */ = {isa = PBXBuildFile; fileRef = 04B17C3C254B760C00FE3DB5 /* Day15VC.swift */; };
		04B17C3F254B7AF300FE3DB5 /* Day15Input.txt in Resources */ = {isa = PBXBuildFile; fileRef = 04B17C3E254B7AF200FE3DB5 /* Day15Input.txt */; };
/* End PBXBuildFile section */

/* Begin PBXFileReference section */
		04B17BBF2548736200FE3DB5 /* AdventOfCode2015.app */ = {isa = PBXFileReference; explicitFileType = wrapper.application; includeInIndex = 0; path = AdventOfCode2015.app; sourceTree = BUILT_PRODUCTS_DIR; };
		04B17BC22548736200FE3DB5 /* AppDelegate.swift */ = {isa = PBXFileReference; lastKnownFileType = sourcecode.swift; path = AppDelegate.swift; sourceTree = "<group>"; };
		04B17BC42548736200FE3DB5 /* SceneDelegate.swift */ = {isa = PBXFileReference; lastKnownFileType = sourcecode.swift; path = SceneDelegate.swift; sourceTree = "<group>"; };
		04B17BC92548736200FE3DB5 /* Base */ = {isa = PBXFileReference; lastKnownFileType = file.storyboard; name = Base; path = Base.lproj/Main.storyboard; sourceTree = "<group>"; };
		04B17BCB2548736400FE3DB5 /* Assets.xcassets */ = {isa = PBXFileReference; lastKnownFileType = folder.assetcatalog; path = Assets.xcassets; sourceTree = "<group>"; };
		04B17BCE2548736400FE3DB5 /* Base */ = {isa = PBXFileReference; lastKnownFileType = file.storyboard; name = Base; path = Base.lproj/LaunchScreen.storyboard; sourceTree = "<group>"; };
		04B17BD02548736400FE3DB5 /* Info.plist */ = {isa = PBXFileReference; lastKnownFileType = text.plist.xml; path = Info.plist; sourceTree = "<group>"; };
		04B17BD62548738300FE3DB5 /* CalendarViewController.swift */ = {isa = PBXFileReference; fileEncoding = 4; lastKnownFileType = sourcecode.swift; path = CalendarViewController.swift; sourceTree = "<group>"; };
		04B17BDB2548739E00FE3DB5 /* Math.swift */ = {isa = PBXFileReference; fileEncoding = 4; lastKnownFileType = sourcecode.swift; path = Math.swift; sourceTree = "<group>"; };
		04B17BDC2548739E00FE3DB5 /* IntPoint.swift */ = {isa = PBXFileReference; fileEncoding = 4; lastKnownFileType = sourcecode.swift; path = IntPoint.swift; sourceTree = "<group>"; };
		04B17BDD2548739E00FE3DB5 /* Misc.swift */ = {isa = PBXFileReference; fileEncoding = 4; lastKnownFileType = sourcecode.swift; path = Misc.swift; sourceTree = "<group>"; };
		04B17BDE2548739E00FE3DB5 /* FileLoader.swift */ = {isa = PBXFileReference; fileEncoding = 4; lastKnownFileType = sourcecode.swift; path = FileLoader.swift; sourceTree = "<group>"; };
		04B17BDF2548739E00FE3DB5 /* String+Ext.swift */ = {isa = PBXFileReference; fileEncoding = 4; lastKnownFileType = sourcecode.swift; path = "String+Ext.swift"; sourceTree = "<group>"; };
		04B17BE02548739E00FE3DB5 /* AoCVC.swift */ = {isa = PBXFileReference; fileEncoding = 4; lastKnownFileType = sourcecode.swift; path = AoCVC.swift; sourceTree = "<group>"; };
		04B17BE12548739E00FE3DB5 /* IntImage.swift */ = {isa = PBXFileReference; fileEncoding = 4; lastKnownFileType = sourcecode.swift; path = IntImage.swift; sourceTree = "<group>"; };
		04B17BE22548739E00FE3DB5 /* IntAStar.swift */ = {isa = PBXFileReference; fileEncoding = 4; lastKnownFileType = sourcecode.swift; path = IntAStar.swift; sourceTree = "<group>"; };
		04B17BE32548739E00FE3DB5 /* DateHelper.swift */ = {isa = PBXFileReference; fileEncoding = 4; lastKnownFileType = sourcecode.swift; path = DateHelper.swift; sourceTree = "<group>"; };
		04B17BE42548739E00FE3DB5 /* Node.swift */ = {isa = PBXFileReference; fileEncoding = 4; lastKnownFileType = sourcecode.swift; path = Node.swift; sourceTree = "<group>"; };
		04B17BE52548739E00FE3DB5 /* UIView+Ext.swift */ = {isa = PBXFileReference; fileEncoding = 4; lastKnownFileType = sourcecode.swift; path = "UIView+Ext.swift"; sourceTree = "<group>"; };
		04B17BE62548739E00FE3DB5 /* Direction.swift */ = {isa = PBXFileReference; fileEncoding = 4; lastKnownFileType = sourcecode.swift; path = Direction.swift; sourceTree = "<group>"; };
		04B17BF72548743E00FE3DB5 /* Day01VC.swift */ = {isa = PBXFileReference; lastKnownFileType = sourcecode.swift; path = Day01VC.swift; sourceTree = "<group>"; };
		04B17BF92548772500FE3DB5 /* Day01Input.txt */ = {isa = PBXFileReference; fileEncoding = 4; lastKnownFileType = text; path = Day01Input.txt; sourceTree = "<group>"; };
		04B17BFD25487AF800FE3DB5 /* Day02VC.swift */ = {isa = PBXFileReference; lastKnownFileType = sourcecode.swift; path = Day02VC.swift; sourceTree = "<group>"; };
		04B17BFF25487B4900FE3DB5 /* Day02Input.txt */ = {isa = PBXFileReference; fileEncoding = 4; lastKnownFileType = text; path = Day02Input.txt; sourceTree = "<group>"; };
		04B17C02254881DC00FE3DB5 /* Day03VC.swift */ = {isa = PBXFileReference; lastKnownFileType = sourcecode.swift; path = Day03VC.swift; sourceTree = "<group>"; };
		04B17C042548855300FE3DB5 /* Day03Input.txt */ = {isa = PBXFileReference; fileEncoding = 4; lastKnownFileType = text; path = Day03Input.txt; sourceTree = "<group>"; };
		04B17C072548885200FE3DB5 /* Day04VC.swift */ = {isa = PBXFileReference; lastKnownFileType = sourcecode.swift; path = Day04VC.swift; sourceTree = "<group>"; };
		04B17C0A25488D6D00FE3DB5 /* Day05VC.swift */ = {isa = PBXFileReference; lastKnownFileType = sourcecode.swift; path = Day05VC.swift; sourceTree = "<group>"; };
		04B17C0C2548915000FE3DB5 /* Day05Input.txt */ = {isa = PBXFileReference; fileEncoding = 4; lastKnownFileType = text; path = Day05Input.txt; sourceTree = "<group>"; };
		04B17C0F2548951400FE3DB5 /* Day06VC.swift */ = {isa = PBXFileReference; lastKnownFileType = sourcecode.swift; path = Day06VC.swift; sourceTree = "<group>"; };
		04B17C112548970500FE3DB5 /* Day06Input.txt */ = {isa = PBXFileReference; fileEncoding = 4; lastKnownFileType = text; path = Day06Input.txt; sourceTree = "<group>"; };
		04B17C142549CF9300FE3DB5 /* Day07VC.swift */ = {isa = PBXFileReference; lastKnownFileType = sourcecode.swift; path = Day07VC.swift; sourceTree = "<group>"; };
		04B17C162549DD0500FE3DB5 /* Day07Input.txt */ = {isa = PBXFileReference; fileEncoding = 4; lastKnownFileType = text; path = Day07Input.txt; sourceTree = "<group>"; };
		04B17C19254A000700FE3DB5 /* Day08VC.swift */ = {isa = PBXFileReference; lastKnownFileType = sourcecode.swift; path = Day08VC.swift; sourceTree = "<group>"; };
		04B17C1B254A06FF00FE3DB5 /* Day08Input.txt */ = {isa = PBXFileReference; fileEncoding = 4; lastKnownFileType = text; path = Day08Input.txt; sourceTree = "<group>"; };
		04B17C1E254A181800FE3DB5 /* Day09VC.swift */ = {isa = PBXFileReference; lastKnownFileType = sourcecode.swift; path = Day09VC.swift; sourceTree = "<group>"; };
		04B17C20254A199100FE3DB5 /* Day09Input.txt */ = {isa = PBXFileReference; fileEncoding = 4; lastKnownFileType = text; path = Day09Input.txt; sourceTree = "<group>"; };
		04B17C22254A1C8C00FE3DB5 /* PermutationHelper.swift */ = {isa = PBXFileReference; lastKnownFileType = sourcecode.swift; path = PermutationHelper.swift; sourceTree = "<group>"; };
		04B17C24254A242600FE3DB5 /* TravellingSalesmanHelper.swift */ = {isa = PBXFileReference; lastKnownFileType = sourcecode.swift; path = TravellingSalesmanHelper.swift; sourceTree = "<group>"; };
		04B17C27254B3E0300FE3DB5 /* Day10VC.swift */ = {isa = PBXFileReference; lastKnownFileType = sourcecode.swift; path = Day10VC.swift; sourceTree = "<group>"; };
		04B17C2A254B49C100FE3DB5 /* Day11VC.swift */ = {isa = PBXFileReference; lastKnownFileType = sourcecode.swift; path = Day11VC.swift; sourceTree = "<group>"; };
		04B17C2D254B595E00FE3DB5 /* Day12VC.swift */ = {isa = PBXFileReference; lastKnownFileType = sourcecode.swift; path = Day12VC.swift; sourceTree = "<group>"; };
		04B17C2F254B5E2300FE3DB5 /* Day12Input.txt */ = {isa = PBXFileReference; fileEncoding = 4; lastKnownFileType = text; path = Day12Input.txt; sourceTree = "<group>"; };
		04B17C32254B62E100FE3DB5 /* Day13VC.swift */ = {isa = PBXFileReference; lastKnownFileType = sourcecode.swift; path = Day13VC.swift; sourceTree = "<group>"; };
		04B17C34254B65F200FE3DB5 /* Day13Input.txt */ = {isa = PBXFileReference; fileEncoding = 4; lastKnownFileType = text; path = Day13Input.txt; sourceTree = "<group>"; };
		04B17C37254B6B7A00FE3DB5 /* Day14VC.swift */ = {isa = PBXFileReference; lastKnownFileType = sourcecode.swift; path = Day14VC.swift; sourceTree = "<group>"; };
		04B17C39254B6E5B00FE3DB5 /* Day14Input.txt */ = {isa = PBXFileReference; fileEncoding = 4; lastKnownFileType = text; path = Day14Input.txt; sourceTree = "<group>"; };
		04B17C3C254B760C00FE3DB5 /* Day15VC.swift */ = {isa = PBXFileReference; lastKnownFileType = sourcecode.swift; path = Day15VC.swift; sourceTree = "<group>"; };
		04B17C3E254B7AF200FE3DB5 /* Day15Input.txt */ = {isa = PBXFileReference; fileEncoding = 4; lastKnownFileType = text; path = Day15Input.txt; sourceTree = "<group>"; };
/* End PBXFileReference section */

/* Begin PBXFrameworksBuildPhase section */
		04B17BBC2548736200FE3DB5 /* Frameworks */ = {
			isa = PBXFrameworksBuildPhase;
			buildActionMask = 2147483647;
			files = (
			);
			runOnlyForDeploymentPostprocessing = 0;
		};
/* End PBXFrameworksBuildPhase section */

/* Begin PBXGroup section */
		04B17BB62548736200FE3DB5 = {
			isa = PBXGroup;
			children = (
				04B17BC12548736200FE3DB5 /* AdventOfCode2015 */,
				04B17BC02548736200FE3DB5 /* Products */,
			);
			sourceTree = "<group>";
		};
		04B17BC02548736200FE3DB5 /* Products */ = {
			isa = PBXGroup;
			children = (
				04B17BBF2548736200FE3DB5 /* AdventOfCode2015.app */,
			);
			name = Products;
			sourceTree = "<group>";
		};
		04B17BC12548736200FE3DB5 /* AdventOfCode2015 */ = {
			isa = PBXGroup;
			children = (
				04B17BF62548743400FE3DB5 /* Days */,
				04B17BDA2548739E00FE3DB5 /* Helpers */,
				04B17BC22548736200FE3DB5 /* AppDelegate.swift */,
				04B17BC42548736200FE3DB5 /* SceneDelegate.swift */,
				04B17BD62548738300FE3DB5 /* CalendarViewController.swift */,
				04B17BC82548736200FE3DB5 /* Main.storyboard */,
				04B17BCB2548736400FE3DB5 /* Assets.xcassets */,
				04B17BCD2548736400FE3DB5 /* LaunchScreen.storyboard */,
				04B17BD02548736400FE3DB5 /* Info.plist */,
			);
			path = AdventOfCode2015;
			sourceTree = "<group>";
		};
		04B17BDA2548739E00FE3DB5 /* Helpers */ = {
			isa = PBXGroup;
			children = (
				04B17BDB2548739E00FE3DB5 /* Math.swift */,
				04B17BDC2548739E00FE3DB5 /* IntPoint.swift */,
				04B17BDD2548739E00FE3DB5 /* Misc.swift */,
				04B17BDE2548739E00FE3DB5 /* FileLoader.swift */,
				04B17BDF2548739E00FE3DB5 /* String+Ext.swift */,
				04B17BE02548739E00FE3DB5 /* AoCVC.swift */,
				04B17BE12548739E00FE3DB5 /* IntImage.swift */,
				04B17BE22548739E00FE3DB5 /* IntAStar.swift */,
				04B17BE32548739E00FE3DB5 /* DateHelper.swift */,
				04B17BE42548739E00FE3DB5 /* Node.swift */,
				04B17BE52548739E00FE3DB5 /* UIView+Ext.swift */,
				04B17BE62548739E00FE3DB5 /* Direction.swift */,
				04B17C22254A1C8C00FE3DB5 /* PermutationHelper.swift */,
				04B17C24254A242600FE3DB5 /* TravellingSalesmanHelper.swift */,
			);
			path = Helpers;
			sourceTree = "<group>";
		};
		04B17BF62548743400FE3DB5 /* Days */ = {
			isa = PBXGroup;
			children = (
				04B17BFB25487A2E00FE3DB5 /* Day01 */,
				04B17BFC25487A3700FE3DB5 /* Day02 */,
				04B17C012548814900FE3DB5 /* Day03 */,
				04B17C062548882A00FE3DB5 /* Day04 */,
				04B17C0925488D4900FE3DB5 /* Day05 */,
				04B17C0E254894DF00FE3DB5 /* Day06 */,
				04B17C132549CF6000FE3DB5 /* Day07 */,
				04B17C182549FFE700FE3DB5 /* Day08 */,
				04B17C1D254A180400FE3DB5 /* Day09 */,
				04B17C26254B3DEE00FE3DB5 /* Day10 */,
				04B17C29254B498A00FE3DB5 /* Day11 */,
				04B17C2C254B594600FE3DB5 /* Day12 */,
				04B17C31254B62C700FE3DB5 /* Day13 */,
				04B17C36254B6B6400FE3DB5 /* Day14 */,
				04B17C3B254B75F600FE3DB5 /* Day15 */,
			);
			path = Days;
			sourceTree = "<group>";
		};
		04B17BFB25487A2E00FE3DB5 /* Day01 */ = {
			isa = PBXGroup;
			children = (
				04B17BF72548743E00FE3DB5 /* Day01VC.swift */,
				04B17BF92548772500FE3DB5 /* Day01Input.txt */,
			);
			path = Day01;
			sourceTree = "<group>";
		};
		04B17BFC25487A3700FE3DB5 /* Day02 */ = {
			isa = PBXGroup;
			children = (
				04B17BFD25487AF800FE3DB5 /* Day02VC.swift */,
				04B17BFF25487B4900FE3DB5 /* Day02Input.txt */,
			);
			path = Day02;
			sourceTree = "<group>";
		};
		04B17C012548814900FE3DB5 /* Day03 */ = {
			isa = PBXGroup;
			children = (
				04B17C02254881DC00FE3DB5 /* Day03VC.swift */,
				04B17C042548855300FE3DB5 /* Day03Input.txt */,
			);
			path = Day03;
			sourceTree = "<group>";
		};
		04B17C062548882A00FE3DB5 /* Day04 */ = {
			isa = PBXGroup;
			children = (
				04B17C072548885200FE3DB5 /* Day04VC.swift */,
			);
			path = Day04;
			sourceTree = "<group>";
		};
		04B17C0925488D4900FE3DB5 /* Day05 */ = {
			isa = PBXGroup;
			children = (
				04B17C0A25488D6D00FE3DB5 /* Day05VC.swift */,
				04B17C0C2548915000FE3DB5 /* Day05Input.txt */,
			);
			path = Day05;
			sourceTree = "<group>";
		};
		04B17C0E254894DF00FE3DB5 /* Day06 */ = {
			isa = PBXGroup;
			children = (
				04B17C0F2548951400FE3DB5 /* Day06VC.swift */,
				04B17C112548970500FE3DB5 /* Day06Input.txt */,
			);
			path = Day06;
			sourceTree = "<group>";
		};
		04B17C132549CF6000FE3DB5 /* Day07 */ = {
			isa = PBXGroup;
			children = (
				04B17C142549CF9300FE3DB5 /* Day07VC.swift */,
				04B17C162549DD0500FE3DB5 /* Day07Input.txt */,
			);
			path = Day07;
			sourceTree = "<group>";
		};
		04B17C182549FFE700FE3DB5 /* Day08 */ = {
			isa = PBXGroup;
			children = (
				04B17C19254A000700FE3DB5 /* Day08VC.swift */,
				04B17C1B254A06FF00FE3DB5 /* Day08Input.txt */,
			);
			path = Day08;
			sourceTree = "<group>";
		};
		04B17C1D254A180400FE3DB5 /* Day09 */ = {
			isa = PBXGroup;
			children = (
				04B17C1E254A181800FE3DB5 /* Day09VC.swift */,
				04B17C20254A199100FE3DB5 /* Day09Input.txt */,
			);
			path = Day09;
			sourceTree = "<group>";
		};
		04B17C26254B3DEE00FE3DB5 /* Day10 */ = {
			isa = PBXGroup;
			children = (
				04B17C27254B3E0300FE3DB5 /* Day10VC.swift */,
			);
			path = Day10;
			sourceTree = "<group>";
		};
		04B17C29254B498A00FE3DB5 /* Day11 */ = {
			isa = PBXGroup;
			children = (
				04B17C2A254B49C100FE3DB5 /* Day11VC.swift */,
			);
			path = Day11;
			sourceTree = "<group>";
		};
		04B17C2C254B594600FE3DB5 /* Day12 */ = {
			isa = PBXGroup;
			children = (
				04B17C2D254B595E00FE3DB5 /* Day12VC.swift */,
				04B17C2F254B5E2300FE3DB5 /* Day12Input.txt */,
			);
			path = Day12;
			sourceTree = "<group>";
		};
		04B17C31254B62C700FE3DB5 /* Day13 */ = {
			isa = PBXGroup;
			children = (
				04B17C32254B62E100FE3DB5 /* Day13VC.swift */,
				04B17C34254B65F200FE3DB5 /* Day13Input.txt */,
			);
			path = Day13;
			sourceTree = "<group>";
		};
		04B17C36254B6B6400FE3DB5 /* Day14 */ = {
			isa = PBXGroup;
			children = (
				04B17C37254B6B7A00FE3DB5 /* Day14VC.swift */,
				04B17C39254B6E5B00FE3DB5 /* Day14Input.txt */,
			);
			path = Day14;
			sourceTree = "<group>";
		};
		04B17C3B254B75F600FE3DB5 /* Day15 */ = {
			isa = PBXGroup;
			children = (
				04B17C3C254B760C00FE3DB5 /* Day15VC.swift */,
				04B17C3E254B7AF200FE3DB5 /* Day15Input.txt */,
			);
			path = Day15;
			sourceTree = "<group>";
		};
/* End PBXGroup section */

/* Begin PBXNativeTarget section */
		04B17BBE2548736200FE3DB5 /* AdventOfCode2015 */ = {
			isa = PBXNativeTarget;
			buildConfigurationList = 04B17BD32548736400FE3DB5 /* Build configuration list for PBXNativeTarget "AdventOfCode2015" */;
			buildPhases = (
				04B17BBB2548736200FE3DB5 /* Sources */,
				04B17BBC2548736200FE3DB5 /* Frameworks */,
				04B17BBD2548736200FE3DB5 /* Resources */,
			);
			buildRules = (
			);
			dependencies = (
			);
			name = AdventOfCode2015;
			productName = AdventOfCode2015;
			productReference = 04B17BBF2548736200FE3DB5 /* AdventOfCode2015.app */;
			productType = "com.apple.product-type.application";
		};
/* End PBXNativeTarget section */

/* Begin PBXProject section */
		04B17BB72548736200FE3DB5 /* Project object */ = {
			isa = PBXProject;
			attributes = {
				LastSwiftUpdateCheck = 1170;
				LastUpgradeCheck = 1170;
				ORGANIZATIONNAME = "Geir-Kåre S. Wærp";
				TargetAttributes = {
					04B17BBE2548736200FE3DB5 = {
						CreatedOnToolsVersion = 11.7;
					};
				};
			};
			buildConfigurationList = 04B17BBA2548736200FE3DB5 /* Build configuration list for PBXProject "AdventOfCode2015" */;
			compatibilityVersion = "Xcode 9.3";
			developmentRegion = en;
			hasScannedForEncodings = 0;
			knownRegions = (
				en,
				Base,
			);
			mainGroup = 04B17BB62548736200FE3DB5;
			productRefGroup = 04B17BC02548736200FE3DB5 /* Products */;
			projectDirPath = "";
			projectRoot = "";
			targets = (
				04B17BBE2548736200FE3DB5 /* AdventOfCode2015 */,
			);
		};
/* End PBXProject section */

/* Begin PBXResourcesBuildPhase section */
		04B17BBD2548736200FE3DB5 /* Resources */ = {
			isa = PBXResourcesBuildPhase;
			buildActionMask = 2147483647;
			files = (
				04B17C122548970600FE3DB5 /* Day06Input.txt in Resources */,
				04B17BCF2548736400FE3DB5 /* LaunchScreen.storyboard in Resources */,
				04B17C0025487B4900FE3DB5 /* Day02Input.txt in Resources */,
				04B17BCC2548736400FE3DB5 /* Assets.xcassets in Resources */,
				04B17C1C254A06FF00FE3DB5 /* Day08Input.txt in Resources */,
				04B17C30254B5E2300FE3DB5 /* Day12Input.txt in Resources */,
				04B17C172549DD0500FE3DB5 /* Day07Input.txt in Resources */,
				04B17BCA2548736200FE3DB5 /* Main.storyboard in Resources */,
				04B17C35254B65F300FE3DB5 /* Day13Input.txt in Resources */,
				04B17C3A254B6E5B00FE3DB5 /* Day14Input.txt in Resources */,
				04B17C21254A199100FE3DB5 /* Day09Input.txt in Resources */,
				04B17BFA2548772500FE3DB5 /* Day01Input.txt in Resources */,
				04B17C3F254B7AF300FE3DB5 /* Day15Input.txt in Resources */,
				04B17C052548855300FE3DB5 /* Day03Input.txt in Resources */,
				04B17C0D2548915000FE3DB5 /* Day05Input.txt in Resources */,
			);
			runOnlyForDeploymentPostprocessing = 0;
		};
/* End PBXResourcesBuildPhase section */

/* Begin PBXSourcesBuildPhase section */
		04B17BBB2548736200FE3DB5 /* Sources */ = {
			isa = PBXSourcesBuildPhase;
			buildActionMask = 2147483647;
			files = (
				04B17C082548885200FE3DB5 /* Day04VC.swift in Sources */,
				04B17BF82548743E00FE3DB5 /* Day01VC.swift in Sources */,
				04B17C23254A1C8C00FE3DB5 /* PermutationHelper.swift in Sources */,
				04B17C2E254B595E00FE3DB5 /* Day12VC.swift in Sources */,
				04B17C152549CF9300FE3DB5 /* Day07VC.swift in Sources */,
				04B17C3D254B760C00FE3DB5 /* Day15VC.swift in Sources */,
				04B17C1A254A000700FE3DB5 /* Day08VC.swift in Sources */,
				04B17BD72548738300FE3DB5 /* CalendarViewController.swift in Sources */,
				04B17BED2548739E00FE3DB5 /* IntImage.swift in Sources */,
				04B17C0B25488D6D00FE3DB5 /* Day05VC.swift in Sources */,
				04B17BC32548736200FE3DB5 /* AppDelegate.swift in Sources */,
				04B17C25254A242600FE3DB5 /* TravellingSalesmanHelper.swift in Sources */,
				04B17C1F254A181800FE3DB5 /* Day09VC.swift in Sources */,
				04B17BEA2548739E00FE3DB5 /* FileLoader.swift in Sources */,
				04B17C102548951400FE3DB5 /* Day06VC.swift in Sources */,
				04B17BF12548739E00FE3DB5 /* UIView+Ext.swift in Sources */,
				04B17BEE2548739E00FE3DB5 /* IntAStar.swift in Sources */,
				04B17BF02548739E00FE3DB5 /* Node.swift in Sources */,
				04B17BEC2548739E00FE3DB5 /* AoCVC.swift in Sources */,
				04B17C2B254B49C100FE3DB5 /* Day11VC.swift in Sources */,
				04B17BF22548739E00FE3DB5 /* Direction.swift in Sources */,
				04B17C03254881DC00FE3DB5 /* Day03VC.swift in Sources */,
				04B17C33254B62E100FE3DB5 /* Day13VC.swift in Sources */,
				04B17BE82548739E00FE3DB5 /* IntPoint.swift in Sources */,
				04B17C38254B6B7A00FE3DB5 /* Day14VC.swift in Sources */,
				04B17BE92548739E00FE3DB5 /* Misc.swift in Sources */,
				04B17BC52548736200FE3DB5 /* SceneDelegate.swift in Sources */,
				04B17BFE25487AF800FE3DB5 /* Day02VC.swift in Sources */,
				04B17C28254B3E0300FE3DB5 /* Day10VC.swift in Sources */,
				04B17BEF2548739E00FE3DB5 /* DateHelper.swift in Sources */,
				04B17BEB2548739E00FE3DB5 /* String+Ext.swift in Sources */,
				04B17BE72548739E00FE3DB5 /* Math.swift in Sources */,
			);
			runOnlyForDeploymentPostprocessing = 0;
		};
/* End PBXSourcesBuildPhase section */

/* Begin PBXVariantGroup section */
		04B17BC82548736200FE3DB5 /* Main.storyboard */ = {
			isa = PBXVariantGroup;
			children = (
				04B17BC92548736200FE3DB5 /* Base */,
			);
			name = Main.storyboard;
			sourceTree = "<group>";
		};
		04B17BCD2548736400FE3DB5 /* LaunchScreen.storyboard */ = {
			isa = PBXVariantGroup;
			children = (
				04B17BCE2548736400FE3DB5 /* Base */,
			);
			name = LaunchScreen.storyboard;
			sourceTree = "<group>";
		};
/* End PBXVariantGroup section */

/* Begin XCBuildConfiguration section */
		04B17BD12548736400FE3DB5 /* Debug */ = {
			isa = XCBuildConfiguration;
			buildSettings = {
				ALWAYS_SEARCH_USER_PATHS = NO;
				CLANG_ANALYZER_NONNULL = YES;
				CLANG_ANALYZER_NUMBER_OBJECT_CONVERSION = YES_AGGRESSIVE;
				CLANG_CXX_LANGUAGE_STANDARD = "gnu++14";
				CLANG_CXX_LIBRARY = "libc++";
				CLANG_ENABLE_MODULES = YES;
				CLANG_ENABLE_OBJC_ARC = YES;
				CLANG_ENABLE_OBJC_WEAK = YES;
				CLANG_WARN_BLOCK_CAPTURE_AUTORELEASING = YES;
				CLANG_WARN_BOOL_CONVERSION = YES;
				CLANG_WARN_COMMA = YES;
				CLANG_WARN_CONSTANT_CONVERSION = YES;
				CLANG_WARN_DEPRECATED_OBJC_IMPLEMENTATIONS = YES;
				CLANG_WARN_DIRECT_OBJC_ISA_USAGE = YES_ERROR;
				CLANG_WARN_DOCUMENTATION_COMMENTS = YES;
				CLANG_WARN_EMPTY_BODY = YES;
				CLANG_WARN_ENUM_CONVERSION = YES;
				CLANG_WARN_INFINITE_RECURSION = YES;
				CLANG_WARN_INT_CONVERSION = YES;
				CLANG_WARN_NON_LITERAL_NULL_CONVERSION = YES;
				CLANG_WARN_OBJC_IMPLICIT_RETAIN_SELF = YES;
				CLANG_WARN_OBJC_LITERAL_CONVERSION = YES;
				CLANG_WARN_OBJC_ROOT_CLASS = YES_ERROR;
				CLANG_WARN_RANGE_LOOP_ANALYSIS = YES;
				CLANG_WARN_STRICT_PROTOTYPES = YES;
				CLANG_WARN_SUSPICIOUS_MOVE = YES;
				CLANG_WARN_UNGUARDED_AVAILABILITY = YES_AGGRESSIVE;
				CLANG_WARN_UNREACHABLE_CODE = YES;
				CLANG_WARN__DUPLICATE_METHOD_MATCH = YES;
				COPY_PHASE_STRIP = NO;
				DEBUG_INFORMATION_FORMAT = dwarf;
				ENABLE_STRICT_OBJC_MSGSEND = YES;
				ENABLE_TESTABILITY = YES;
				GCC_C_LANGUAGE_STANDARD = gnu11;
				GCC_DYNAMIC_NO_PIC = NO;
				GCC_NO_COMMON_BLOCKS = YES;
				GCC_OPTIMIZATION_LEVEL = 0;
				GCC_PREPROCESSOR_DEFINITIONS = (
					"DEBUG=1",
					"$(inherited)",
				);
				GCC_WARN_64_TO_32_BIT_CONVERSION = YES;
				GCC_WARN_ABOUT_RETURN_TYPE = YES_ERROR;
				GCC_WARN_UNDECLARED_SELECTOR = YES;
				GCC_WARN_UNINITIALIZED_AUTOS = YES_AGGRESSIVE;
				GCC_WARN_UNUSED_FUNCTION = YES;
				GCC_WARN_UNUSED_VARIABLE = YES;
				IPHONEOS_DEPLOYMENT_TARGET = 13.7;
				MTL_ENABLE_DEBUG_INFO = INCLUDE_SOURCE;
				MTL_FAST_MATH = YES;
				ONLY_ACTIVE_ARCH = YES;
				SDKROOT = iphoneos;
				SWIFT_ACTIVE_COMPILATION_CONDITIONS = DEBUG;
				SWIFT_OPTIMIZATION_LEVEL = "-Onone";
			};
			name = Debug;
		};
		04B17BD22548736400FE3DB5 /* Release */ = {
			isa = XCBuildConfiguration;
			buildSettings = {
				ALWAYS_SEARCH_USER_PATHS = NO;
				CLANG_ANALYZER_NONNULL = YES;
				CLANG_ANALYZER_NUMBER_OBJECT_CONVERSION = YES_AGGRESSIVE;
				CLANG_CXX_LANGUAGE_STANDARD = "gnu++14";
				CLANG_CXX_LIBRARY = "libc++";
				CLANG_ENABLE_MODULES = YES;
				CLANG_ENABLE_OBJC_ARC = YES;
				CLANG_ENABLE_OBJC_WEAK = YES;
				CLANG_WARN_BLOCK_CAPTURE_AUTORELEASING = YES;
				CLANG_WARN_BOOL_CONVERSION = YES;
				CLANG_WARN_COMMA = YES;
				CLANG_WARN_CONSTANT_CONVERSION = YES;
				CLANG_WARN_DEPRECATED_OBJC_IMPLEMENTATIONS = YES;
				CLANG_WARN_DIRECT_OBJC_ISA_USAGE = YES_ERROR;
				CLANG_WARN_DOCUMENTATION_COMMENTS = YES;
				CLANG_WARN_EMPTY_BODY = YES;
				CLANG_WARN_ENUM_CONVERSION = YES;
				CLANG_WARN_INFINITE_RECURSION = YES;
				CLANG_WARN_INT_CONVERSION = YES;
				CLANG_WARN_NON_LITERAL_NULL_CONVERSION = YES;
				CLANG_WARN_OBJC_IMPLICIT_RETAIN_SELF = YES;
				CLANG_WARN_OBJC_LITERAL_CONVERSION = YES;
				CLANG_WARN_OBJC_ROOT_CLASS = YES_ERROR;
				CLANG_WARN_RANGE_LOOP_ANALYSIS = YES;
				CLANG_WARN_STRICT_PROTOTYPES = YES;
				CLANG_WARN_SUSPICIOUS_MOVE = YES;
				CLANG_WARN_UNGUARDED_AVAILABILITY = YES_AGGRESSIVE;
				CLANG_WARN_UNREACHABLE_CODE = YES;
				CLANG_WARN__DUPLICATE_METHOD_MATCH = YES;
				COPY_PHASE_STRIP = NO;
				DEBUG_INFORMATION_FORMAT = "dwarf-with-dsym";
				ENABLE_NS_ASSERTIONS = NO;
				ENABLE_STRICT_OBJC_MSGSEND = YES;
				GCC_C_LANGUAGE_STANDARD = gnu11;
				GCC_NO_COMMON_BLOCKS = YES;
				GCC_WARN_64_TO_32_BIT_CONVERSION = YES;
				GCC_WARN_ABOUT_RETURN_TYPE = YES_ERROR;
				GCC_WARN_UNDECLARED_SELECTOR = YES;
				GCC_WARN_UNINITIALIZED_AUTOS = YES_AGGRESSIVE;
				GCC_WARN_UNUSED_FUNCTION = YES;
				GCC_WARN_UNUSED_VARIABLE = YES;
				IPHONEOS_DEPLOYMENT_TARGET = 13.7;
				MTL_ENABLE_DEBUG_INFO = NO;
				MTL_FAST_MATH = YES;
				SDKROOT = iphoneos;
				SWIFT_COMPILATION_MODE = wholemodule;
				SWIFT_OPTIMIZATION_LEVEL = "-O";
				VALIDATE_PRODUCT = YES;
			};
			name = Release;
		};
		04B17BD42548736400FE3DB5 /* Debug */ = {
			isa = XCBuildConfiguration;
			buildSettings = {
				ASSETCATALOG_COMPILER_APPICON_NAME = AppIcon;
				CODE_SIGN_STYLE = Automatic;
				DEVELOPMENT_TEAM = UMDMXH9PFW;
				INFOPLIST_FILE = AdventOfCode2015/Info.plist;
				LD_RUNPATH_SEARCH_PATHS = (
					"$(inherited)",
					"@executable_path/Frameworks",
				);
				PRODUCT_BUNDLE_IDENTIFIER = no.gk.AdventOfCode2015;
				PRODUCT_NAME = "$(TARGET_NAME)";
				SWIFT_VERSION = 5.0;
				TARGETED_DEVICE_FAMILY = "1,2";
			};
			name = Debug;
		};
		04B17BD52548736400FE3DB5 /* Release */ = {
			isa = XCBuildConfiguration;
			buildSettings = {
				ASSETCATALOG_COMPILER_APPICON_NAME = AppIcon;
				CODE_SIGN_STYLE = Automatic;
				DEVELOPMENT_TEAM = UMDMXH9PFW;
				INFOPLIST_FILE = AdventOfCode2015/Info.plist;
				LD_RUNPATH_SEARCH_PATHS = (
					"$(inherited)",
					"@executable_path/Frameworks",
				);
				PRODUCT_BUNDLE_IDENTIFIER = no.gk.AdventOfCode2015;
				PRODUCT_NAME = "$(TARGET_NAME)";
				SWIFT_VERSION = 5.0;
				TARGETED_DEVICE_FAMILY = "1,2";
			};
			name = Release;
		};
/* End XCBuildConfiguration section */

/* Begin XCConfigurationList section */
		04B17BBA2548736200FE3DB5 /* Build configuration list for PBXProject "AdventOfCode2015" */ = {
			isa = XCConfigurationList;
			buildConfigurations = (
				04B17BD12548736400FE3DB5 /* Debug */,
				04B17BD22548736400FE3DB5 /* Release */,
			);
			defaultConfigurationIsVisible = 0;
			defaultConfigurationName = Release;
		};
		04B17BD32548736400FE3DB5 /* Build configuration list for PBXNativeTarget "AdventOfCode2015" */ = {
			isa = XCConfigurationList;
			buildConfigurations = (
				04B17BD42548736400FE3DB5 /* Debug */,
				04B17BD52548736400FE3DB5 /* Release */,
			);
			defaultConfigurationIsVisible = 0;
			defaultConfigurationName = Release;
		};
/* End XCConfigurationList section */
	};
	rootObject = 04B17BB72548736200FE3DB5 /* Project object */;
}
